
Microsoft Visual Studio Solution File, Format Version 12.00
# Visual Studio Version 17
VisualStudioVersion = 17.1.32210.238
MinimumVisualStudioVersion = 10.0.40219.1
Project("{FAE04EC0-301F-11D3-BF4B-00C04F79EFBC}") = "uC2LASTNAME", "uC2LASTNAME.csproj", "{DC271663-FAA0-498D-ACE3-C82EEF5487EB}"
EndProject
Global
	GlobalSection(SolutionConfigurationPlatforms) = preSolution
		Debug|Any CPU = Debug|Any CPU
		Release|Any CPU = Release|Any CPU
	EndGlobalSection
	GlobalSection(ProjectConfigurationPlatforms) = postSolution
		{DC271663-FAA0-498D-ACE3-C82EEF5487EB}.Debug|Any CPU.ActiveCfg = Debug|Any CPU
		{DC271663-FAA0-498D-ACE3-C82EEF5487EB}.Debug|Any CPU.Build.0 = Debug|Any CPU
		{DC271663-FAA0-498D-ACE3-C82EEF5487EB}.Release|Any CPU.ActiveCfg = Release|Any CPU
		{DC271663-FAA0-498D-ACE3-C82EEF5487EB}.Release|Any CPU.Build.0 = Release|Any CPU
	EndGlobalSection
	GlobalSection(SolutionProperties) = preSolution
		HideSolutionNode = FALSE
	EndGlobalSection
	GlobalSection(ExtensibilityGlobals) = postSolution
		SolutionGuid = {F390D3B3-C519-42A1-9612-A30325A178B3}
	EndGlobalSection
EndGlobal
