
Microsoft Visual Studio Solution File, Format Version 12.00
# Visual Studio Version 17
VisualStudioVersion = 17.1.32210.238
MinimumVisualStudioVersion = 10.0.40219.1
Project("{FAE04EC0-301F-11D3-BF4B-00C04F79EFBC}") = "UC3Email", "UC3Email.csproj", "{B30267B3-7674-40EC-A74D-FDE0BE62E3F1}"
EndProject
Global
	GlobalSection(SolutionConfigurationPlatforms) = preSolution
		Debug|Any CPU = Debug|Any CPU
		Release|Any CPU = Release|Any CPU
	EndGlobalSection
	GlobalSection(ProjectConfigurationPlatforms) = postSolution
		{B30267B3-7674-40EC-A74D-FDE0BE62E3F1}.Debug|Any CPU.ActiveCfg = Debug|Any CPU
		{B30267B3-7674-40EC-A74D-FDE0BE62E3F1}.Debug|Any CPU.Build.0 = Debug|Any CPU
		{B30267B3-7674-40EC-A74D-FDE0BE62E3F1}.Release|Any CPU.ActiveCfg = Release|Any CPU
		{B30267B3-7674-40EC-A74D-FDE0BE62E3F1}.Release|Any CPU.Build.0 = Release|Any CPU
	EndGlobalSection
	GlobalSection(SolutionProperties) = preSolution
		HideSolutionNode = FALSE
	EndGlobalSection
	GlobalSection(ExtensibilityGlobals) = postSolution
		SolutionGuid = {6863C247-C44F-4460-AAC7-D3E0CB0E88FC}
	EndGlobalSection
EndGlobal
